Microsoft Visual Studio Solution File, Format Version 12.00
# Visual Studio Version 17
VisualStudioVersion = 17.14.36705.20
MinimumVisualStudioVersion = 10.0.40219.1
Project("{FAE04EC0-301F-11D3-BF4B-00C04F79EFBC}") = "SE.CunningUtilityCore", "SE.CunningUtilityCore\SE.CunningUtilityCore.csproj", "{572F20F5-0697-4B98-84A3-EBA3AB5F95CE}"
EndProject
Project("{D954291E-2A0B-460D-934E-DC6B0785DB48}") = "SE.CunningUtilityCore.Mixin", "SE.CunningUtilityCore.Mixin\SE.CunningUtilityCore.Mixin.shproj", "{8A3CDCC5-4B55-4D87-A415-698A0E1FF06F}"
EndProject
Project("{FAE04EC0-301F-11D3-BF4B-00C04F79EFBC}") = "NonGameDebugLaunch", "NonGameDebugLaunch\NonGameDebugLaunch.csproj", "{C35EAC32-348D-409D-9F3E-59BEC1795B19}"
EndProject
Project("{FAE04EC0-301F-11D3-BF4B-00C04F79EFBC}") = "SE.CunningUtilityCore.Tests", "SE.CunningUtilityCore.Tests\SE.CunningUtilityCore.Tests.csproj", "{45DD3080-11ED-450A-BFA1-4D15BB0A5DD8}"
EndProject
Project("{2150E333-8FDC-42A3-9474-1A3956D46DE8}") = "NonGameDebug", "NonGameDebug", "{02EA681E-C7D8-13C7-8484-4AC65E1B71E8}"
EndProject
Global
	GlobalSection(SolutionConfigurationPlatforms) = preSolution
		Debug|Any CPU = Debug|Any CPU
		Debug|x64 = Debug|x64
		Debug|x86 = Debug|x86
		Release|Any CPU = Release|Any CPU
		Release|x64 = Release|x64
		Release|x86 = Release|x86
	EndGlobalSection
	GlobalSection(ProjectConfigurationPlatforms) = postSolution
		{572F20F5-0697-4B98-84A3-EBA3AB5F95CE}.Debug|Any CPU.ActiveCfg = Debug|Any CPU
		{572F20F5-0697-4B98-84A3-EBA3AB5F95CE}.Debug|Any CPU.Build.0 = Debug|Any CPU
		{572F20F5-0697-4B98-84A3-EBA3AB5F95CE}.Debug|x64.ActiveCfg = Debug|x64
		{572F20F5-0697-4B98-84A3-EBA3AB5F95CE}.Debug|x64.Build.0 = Debug|x64
		{572F20F5-0697-4B98-84A3-EBA3AB5F95CE}.Debug|x86.ActiveCfg = Debug|Any CPU
		{572F20F5-0697-4B98-84A3-EBA3AB5F95CE}.Debug|x86.Build.0 = Debug|Any CPU
		{572F20F5-0697-4B98-84A3-EBA3AB5F95CE}.Release|Any CPU.ActiveCfg = Release|Any CPU
		{572F20F5-0697-4B98-84A3-EBA3AB5F95CE}.Release|Any CPU.Build.0 = Release|Any CPU
		{572F20F5-0697-4B98-84A3-EBA3AB5F95CE}.Release|x64.ActiveCfg = Release|x64
		{572F20F5-0697-4B98-84A3-EBA3AB5F95CE}.Release|x64.Build.0 = Release|x64
		{572F20F5-0697-4B98-84A3-EBA3AB5F95CE}.Release|x86.ActiveCfg = Release|Any CPU
		{572F20F5-0697-4B98-84A3-EBA3AB5F95CE}.Release|x86.Build.0 = Release|Any CPU
		{C35EAC32-348D-409D-9F3E-59BEC1795B19}.Debug|Any CPU.ActiveCfg = Debug|Any CPU
		{C35EAC32-348D-409D-9F3E-59BEC1795B19}.Debug|Any CPU.Build.0 = Debug|Any CPU
		{C35EAC32-348D-409D-9F3E-59BEC1795B19}.Debug|x64.ActiveCfg = Debug|Any CPU
		{C35EAC32-348D-409D-9F3E-59BEC1795B19}.Debug|x64.Build.0 = Debug|Any CPU
		{C35EAC32-348D-409D-9F3E-59BEC1795B19}.Debug|x86.ActiveCfg = Debug|Any CPU
		{C35EAC32-348D-409D-9F3E-59BEC1795B19}.Debug|x86.Build.0 = Debug|Any CPU
		{C35EAC32-348D-409D-9F3E-59BEC1795B19}.Release|Any CPU.ActiveCfg = Release|Any CPU
		{C35EAC32-348D-409D-9F3E-59BEC1795B19}.Release|Any CPU.Build.0 = Release|Any CPU
		{C35EAC32-348D-409D-9F3E-59BEC1795B19}.Release|x64.ActiveCfg = Release|Any CPU
		{C35EAC32-348D-409D-9F3E-59BEC1795B19}.Release|x64.Build.0 = Release|Any CPU
		{C35EAC32-348D-409D-9F3E-59BEC1795B19}.Release|x86.ActiveCfg = Release|Any CPU
		{C35EAC32-348D-409D-9F3E-59BEC1795B19}.Release|x86.Build.0 = Release|Any CPU
		{45DD3080-11ED-450A-BFA1-4D15BB0A5DD8}.Debug|Any CPU.ActiveCfg = Debug|Any CPU
		{45DD3080-11ED-450A-BFA1-4D15BB0A5DD8}.Debug|Any CPU.Build.0 = Debug|Any CPU
		{45DD3080-11ED-450A-BFA1-4D15BB0A5DD8}.Debug|x64.ActiveCfg = Debug|Any CPU
		{45DD3080-11ED-450A-BFA1-4D15BB0A5DD8}.Debug|x64.Build.0 = Debug|Any CPU
		{45DD3080-11ED-450A-BFA1-4D15BB0A5DD8}.Debug|x86.ActiveCfg = Debug|Any CPU
		{45DD3080-11ED-450A-BFA1-4D15BB0A5DD8}.Debug|x86.Build.0 = Debug|Any CPU
		{45DD3080-11ED-450A-BFA1-4D15BB0A5DD8}.Release|Any CPU.ActiveCfg = Release|Any CPU
		{45DD3080-11ED-450A-BFA1-4D15BB0A5DD8}.Release|Any CPU.Build.0 = Release|Any CPU
		{45DD3080-11ED-450A-BFA1-4D15BB0A5DD8}.Release|x64.ActiveCfg = Release|Any CPU
		{45DD3080-11ED-450A-BFA1-4D15BB0A5DD8}.Release|x64.Build.0 = Release|Any CPU
		{45DD3080-11ED-450A-BFA1-4D15BB0A5DD8}.Release|x86.ActiveCfg = Release|Any CPU
		{45DD3080-11ED-450A-BFA1-4D15BB0A5DD8}.Release|x86.Build.0 = Release|Any CPU
	EndGlobalSection
	GlobalSection(SolutionProperties) = preSolution
		HideSolutionNode = FALSE
	EndGlobalSection
	GlobalSection(NestedProjects) = preSolution
		{C35EAC32-348D-409D-9F3E-59BEC1795B19} = {02EA681E-C7D8-13C7-8484-4AC65E1B71E8}
		{45DD3080-11ED-450A-BFA1-4D15BB0A5DD8} = {02EA681E-C7D8-13C7-8484-4AC65E1B71E8}
	EndGlobalSection
	GlobalSection(ExtensibilityGlobals) = postSolution
		SolutionGuid = {E1E2929D-078A-43BC-B9F3-68D378196090}
	EndGlobalSection
	GlobalSection(SharedMSBuildProjectFiles) = preSolution
		SE.CunningUtilityCore.Mixin\SE.CunningUtilityCore.Mixin.projitems*{45dd3080-11ed-450a-bfa1-4d15bb0a5dd8}*SharedItemsImports = 5
		SE.CunningUtilityCore.Mixin\SE.CunningUtilityCore.Mixin.projitems*{572f20f5-0697-4b98-84a3-eba3ab5f95ce}*SharedItemsImports = 5
		SE.CunningUtilityCore.Mixin\SE.CunningUtilityCore.Mixin.projitems*{8a3cdcc5-4b55-4d87-a415-698a0e1ff06f}*SharedItemsImports = 13
		SE.CunningUtilityCore.Mixin\SE.CunningUtilityCore.Mixin.projitems*{c35eac32-348d-409d-9f3e-59bec1795b19}*SharedItemsImports = 4
	EndGlobalSection
EndGlobal
